// !$*UTF8*$!
{
	archiveVersion = 1;
	classes = {
	};
	objectVersion = 56;
	objects = {

/* Begin PBXBuildFile section */
		8914FD1029A88707008B0E6C /* AppDelegate.swift in Sources */ = {isa = PBXBuildFile; fileRef = 8914FD0F29A88707008B0E6C /* AppDelegate.swift */; };
		8914FD1229A88707008B0E6C /* SceneDelegate.swift in Sources */ = {isa = PBXBuildFile; fileRef = 8914FD1129A88707008B0E6C /* SceneDelegate.swift */; };
		8914FD1429A88707008B0E6C /* ConversationsViewController.swift in Sources */ = {isa = PBXBuildFile; fileRef = 8914FD1329A88707008B0E6C /* ConversationsViewController.swift */; };
		8914FD1729A88707008B0E6C /* Main.storyboard in Resources */ = {isa = PBXBuildFile; fileRef = 8914FD1529A88707008B0E6C /* Main.storyboard */; };
		8914FD1929A88709008B0E6C /* Assets.xcassets in Resources */ = {isa = PBXBuildFile; fileRef = 8914FD1829A88709008B0E6C /* Assets.xcassets */; };
		8914FD1C29A88709008B0E6C /* LaunchScreen.storyboard in Resources */ = {isa = PBXBuildFile; fileRef = 8914FD1A29A88709008B0E6C /* LaunchScreen.storyboard */; };
		8914FD2A29A88D50008B0E6C /* LoginViewController.swift in Sources */ = {isa = PBXBuildFile; fileRef = 8914FD2929A88D50008B0E6C /* LoginViewController.swift */; };
		8914FD2C29A88D5C008B0E6C /* RegisterViewController.swift in Sources */ = {isa = PBXBuildFile; fileRef = 8914FD2B29A88D5C008B0E6C /* RegisterViewController.swift */; };
		8914FD2E29A88D7C008B0E6C /* PhotoViewerViewController.swift in Sources */ = {isa = PBXBuildFile; fileRef = 8914FD2D29A88D7C008B0E6C /* PhotoViewerViewController.swift */; };
		8914FD3029A88D89008B0E6C /* VideoPlayerViewController.swift in Sources */ = {isa = PBXBuildFile; fileRef = 8914FD2F29A88D89008B0E6C /* VideoPlayerViewController.swift */; };
		8914FD3229A88DA3008B0E6C /* NewConversationViewController.swift in Sources */ = {isa = PBXBuildFile; fileRef = 8914FD3129A88DA3008B0E6C /* NewConversationViewController.swift */; };
		8914FD3429A88DBA008B0E6C /* ProfileViewController.swift in Sources */ = {isa = PBXBuildFile; fileRef = 8914FD3329A88DBA008B0E6C /* ProfileViewController.swift */; };
/* End PBXBuildFile section */

/* Begin PBXFileReference section */
		8914FD0C29A88707008B0E6C /* MessengerRe.app */ = {isa = PBXFileReference; explicitFileType = wrapper.application; includeInIndex = 0; path = MessengerRe.app; sourceTree = BUILT_PRODUCTS_DIR; };
		8914FD0F29A88707008B0E6C /* AppDelegate.swift */ = {isa = PBXFileReference; lastKnownFileType = sourcecode.swift; path = AppDelegate.swift; sourceTree = "<group>"; };
		8914FD1129A88707008B0E6C /* SceneDelegate.swift */ = {isa = PBXFileReference; lastKnownFileType = sourcecode.swift; path = SceneDelegate.swift; sourceTree = "<group>"; };
		8914FD1329A88707008B0E6C /* ConversationsViewController.swift */ = {isa = PBXFileReference; lastKnownFileType = sourcecode.swift; path = ConversationsViewController.swift; sourceTree = "<group>"; };
		8914FD1629A88707008B0E6C /* Base */ = {isa = PBXFileReference; lastKnownFileType = file.storyboard; name = Base; path = Base.lproj/Main.storyboard; sourceTree = "<group>"; };
		8914FD1829A88709008B0E6C /* Assets.xcassets */ = {isa = PBXFileReference; lastKnownFileType = folder.assetcatalog; path = Assets.xcassets; sourceTree = "<group>"; };
		8914FD1B29A88709008B0E6C /* Base */ = {isa = PBXFileReference; lastKnownFileType = file.storyboard; name = Base; path = Base.lproj/LaunchScreen.storyboard; sourceTree = "<group>"; };
		8914FD1D29A88709008B0E6C /* Info.plist */ = {isa = PBXFileReference; lastKnownFileType = text.plist.xml; path = Info.plist; sourceTree = "<group>"; };
		8914FD2929A88D50008B0E6C /* LoginViewController.swift */ = {isa = PBXFileReference; lastKnownFileType = sourcecode.swift; path = LoginViewController.swift; sourceTree = "<group>"; };
		8914FD2B29A88D5C008B0E6C /* RegisterViewController.swift */ = {isa = PBXFileReference; lastKnownFileType = sourcecode.swift; path = RegisterViewController.swift; sourceTree = "<group>"; };
		8914FD2D29A88D7C008B0E6C /* PhotoViewerViewController.swift */ = {isa = PBXFileReference; lastKnownFileType = sourcecode.swift; path = PhotoViewerViewController.swift; sourceTree = "<group>"; };
		8914FD2F29A88D89008B0E6C /* VideoPlayerViewController.swift */ = {isa = PBXFileReference; lastKnownFileType = sourcecode.swift; path = VideoPlayerViewController.swift; sourceTree = "<group>"; };
		8914FD3129A88DA3008B0E6C /* NewConversationViewController.swift */ = {isa = PBXFileReference; lastKnownFileType = sourcecode.swift; path = NewConversationViewController.swift; sourceTree = "<group>"; };
		8914FD3329A88DBA008B0E6C /* ProfileViewController.swift */ = {isa = PBXFileReference; lastKnownFileType = sourcecode.swift; path = ProfileViewController.swift; sourceTree = "<group>"; };
/* End PBXFileReference section */

/* Begin PBXFrameworksBuildPhase section */
		8914FD0929A88707008B0E6C /* Frameworks */ = {
			isa = PBXFrameworksBuildPhase;
			buildActionMask = 2147483647;
			files = (
			);
			runOnlyForDeploymentPostprocessing = 0;
		};
/* End PBXFrameworksBuildPhase section */

/* Begin PBXGroup section */
		8914FD0329A88707008B0E6C = {
			isa = PBXGroup;
			children = (
				8914FD0E29A88707008B0E6C /* MessengerRe */,
				8914FD0D29A88707008B0E6C /* Products */,
			);
			sourceTree = "<group>";
		};
		8914FD0D29A88707008B0E6C /* Products */ = {
			isa = PBXGroup;
			children = (
				8914FD0C29A88707008B0E6C /* MessengerRe.app */,
			);
			name = Products;
			sourceTree = "<group>";
		};
		8914FD0E29A88707008B0E6C /* MessengerRe */ = {
			isa = PBXGroup;
			children = (
				8914FD2329A88889008B0E6C /* Resources */,
				8914FD2429A8888B008B0E6C /* ViewModels */,
				8914FD2729A88891008B0E6C /* Models */,
				8914FD2629A8888F008B0E6C /* Views */,
				8914FD2529A8888D008B0E6C /* Controllers */,
				8914FD1D29A88709008B0E6C /* Info.plist */,
			);
			path = MessengerRe;
			sourceTree = "<group>";
		};
		8914FD2329A88889008B0E6C /* Resources */ = {
			isa = PBXGroup;
			children = (
				8914FD0F29A88707008B0E6C /* AppDelegate.swift */,
				8914FD1129A88707008B0E6C /* SceneDelegate.swift */,
			);
			path = Resources;
			sourceTree = "<group>";
		};
		8914FD2429A8888B008B0E6C /* ViewModels */ = {
			isa = PBXGroup;
			children = (
			);
			path = ViewModels;
			sourceTree = "<group>";
		};
		8914FD2529A8888D008B0E6C /* Controllers */ = {
			isa = PBXGroup;
			children = (
				8914FD1329A88707008B0E6C /* ConversationsViewController.swift */,
				8914FD2929A88D50008B0E6C /* LoginViewController.swift */,
				8914FD2B29A88D5C008B0E6C /* RegisterViewController.swift */,
				8914FD2D29A88D7C008B0E6C /* PhotoViewerViewController.swift */,
				8914FD2F29A88D89008B0E6C /* VideoPlayerViewController.swift */,
				8914FD3129A88DA3008B0E6C /* NewConversationViewController.swift */,
				8914FD3329A88DBA008B0E6C /* ProfileViewController.swift */,
			);
			path = Controllers;
			sourceTree = "<group>";
		};
		8914FD2629A8888F008B0E6C /* Views */ = {
			isa = PBXGroup;
			children = (
				8914FD2829A888E9008B0E6C /* Storyboards */,
				8914FD1829A88709008B0E6C /* Assets.xcassets */,
			);
			path = Views;
			sourceTree = "<group>";
		};
		8914FD2729A88891008B0E6C /* Models */ = {
			isa = PBXGroup;
			children = (
			);
			path = Models;
			sourceTree = "<group>";
		};
		8914FD2829A888E9008B0E6C /* Storyboards */ = {
			isa = PBXGroup;
			children = (
				8914FD1529A88707008B0E6C /* Main.storyboard */,
				8914FD1A29A88709008B0E6C /* LaunchScreen.storyboard */,
			);
			path = Storyboards;
			sourceTree = "<group>";
		};
/* End PBXGroup section */

/* Begin PBXNativeTarget section */
		8914FD0B29A88707008B0E6C /* MessengerRe */ = {
			isa = PBXNativeTarget;
			buildConfigurationList = 8914FD2029A88709008B0E6C /* Build configuration list for PBXNativeTarget "MessengerRe" */;
			buildPhases = (
				8914FD0829A88707008B0E6C /* Sources */,
				8914FD0929A88707008B0E6C /* Frameworks */,
				8914FD0A29A88707008B0E6C /* Resources */,
			);
			buildRules = (
			);
			dependencies = (
			);
			name = MessengerRe;
			productName = MessengerRe;
			productReference = 8914FD0C29A88707008B0E6C /* MessengerRe.app */;
			productType = "com.apple.product-type.application";
		};
/* End PBXNativeTarget section */

/* Begin PBXProject section */
		8914FD0429A88707008B0E6C /* Project object */ = {
			isa = PBXProject;
			attributes = {
				BuildIndependentTargetsInParallel = 1;
				LastSwiftUpdateCheck = 1420;
				LastUpgradeCheck = 1420;
				TargetAttributes = {
					8914FD0B29A88707008B0E6C = {
						CreatedOnToolsVersion = 14.2;
					};
				};
			};
			buildConfigurationList = 8914FD0729A88707008B0E6C /* Build configuration list for PBXProject "MessengerRe" */;
			compatibilityVersion = "Xcode 14.0";
			developmentRegion = en;
			hasScannedForEncodings = 0;
			knownRegions = (
				en,
				Base,
			);
			mainGroup = 8914FD0329A88707008B0E6C;
			productRefGroup = 8914FD0D29A88707008B0E6C /* Products */;
			projectDirPath = "";
			projectRoot = "";
			targets = (
				8914FD0B29A88707008B0E6C /* MessengerRe */,
			);
		};
/* End PBXProject section */

/* Begin PBXResourcesBuildPhase section */
		8914FD0A29A88707008B0E6C /* Resources */ = {
			isa = PBXResourcesBuildPhase;
			buildActionMask = 2147483647;
			files = (
				8914FD1C29A88709008B0E6C /* LaunchScreen.storyboard in Resources */,
				8914FD1929A88709008B0E6C /* Assets.xcassets in Resources */,
				8914FD1729A88707008B0E6C /* Main.storyboard in Resources */,
			);
			runOnlyForDeploymentPostprocessing = 0;
		};
/* End PBXResourcesBuildPhase section */

/* Begin PBXSourcesBuildPhase section */
		8914FD0829A88707008B0E6C /* Sources */ = {
			isa = PBXSourcesBuildPhase;
			buildActionMask = 2147483647;
			files = (
				8914FD2A29A88D50008B0E6C /* LoginViewController.swift in Sources */,
				8914FD2C29A88D5C008B0E6C /* RegisterViewController.swift in Sources */,
				8914FD3229A88DA3008B0E6C /* NewConversationViewController.swift in Sources */,
				8914FD1429A88707008B0E6C /* ConversationsViewController.swift in Sources */,
				8914FD3029A88D89008B0E6C /* VideoPlayerViewController.swift in Sources */,
				8914FD1029A88707008B0E6C /* AppDelegate.swift in Sources */,
				8914FD3429A88DBA008B0E6C /* ProfileViewController.swift in Sources */,
				8914FD1229A88707008B0E6C /* SceneDelegate.swift in Sources */,
				8914FD2E29A88D7C008B0E6C /* PhotoViewerViewController.swift in Sources */,
			);
			runOnlyForDeploymentPostprocessing = 0;
		};
/* End PBXSourcesBuildPhase section */

/* Begin PBXVariantGroup section */
		8914FD1529A88707008B0E6C /* Main.storyboard */ = {
			isa = PBXVariantGroup;
			children = (
				8914FD1629A88707008B0E6C /* Base */,
			);
			name = Main.storyboard;
			sourceTree = "<group>";
		};
		8914FD1A29A88709008B0E6C /* LaunchScreen.storyboard */ = {
			isa = PBXVariantGroup;
			children = (
				8914FD1B29A88709008B0E6C /* Base */,
			);
			name = LaunchScreen.storyboard;
			sourceTree = "<group>";
		};
/* End PBXVariantGroup section */

/* Begin XCBuildConfiguration section */
		8914FD1E29A88709008B0E6C /* Debug */ = {
			isa = XCBuildConfiguration;
			buildSettings = {
				ALWAYS_SEARCH_USER_PATHS = NO;
				CLANG_ANALYZER_NONNULL = YES;
				CLANG_ANALYZER_NUMBER_OBJECT_CONVERSION = YES_AGGRESSIVE;
				CLANG_CXX_LANGUAGE_STANDARD = "gnu++20";
				CLANG_ENABLE_MODULES = YES;
				CLANG_ENABLE_OBJC_ARC = YES;
				CLANG_ENABLE_OBJC_WEAK = YES;
				CLANG_WARN_BLOCK_CAPTURE_AUTORELEASING = YES;
				CLANG_WARN_BOOL_CONVERSION = YES;
				CLANG_WARN_COMMA = YES;
				CLANG_WARN_CONSTANT_CONVERSION = YES;
				CLANG_WARN_DEPRECATED_OBJC_IMPLEMENTATIONS = YES;
				CLANG_WARN_DIRECT_OBJC_ISA_USAGE = YES_ERROR;
				CLANG_WARN_DOCUMENTATION_COMMENTS = YES;
				CLANG_WARN_EMPTY_BODY = YES;
				CLANG_WARN_ENUM_CONVERSION = YES;
				CLANG_WARN_INFINITE_RECURSION = YES;
				CLANG_WARN_INT_CONVERSION = YES;
				CLANG_WARN_NON_LITERAL_NULL_CONVERSION = YES;
				CLANG_WARN_OBJC_IMPLICIT_RETAIN_SELF = YES;
				CLANG_WARN_OBJC_LITERAL_CONVERSION = YES;
				CLANG_WARN_OBJC_ROOT_CLASS = YES_ERROR;
				CLANG_WARN_QUOTED_INCLUDE_IN_FRAMEWORK_HEADER = YES;
				CLANG_WARN_RANGE_LOOP_ANALYSIS = YES;
				CLANG_WARN_STRICT_PROTOTYPES = YES;
				CLANG_WARN_SUSPICIOUS_MOVE = YES;
				CLANG_WARN_UNGUARDED_AVAILABILITY = YES_AGGRESSIVE;
				CLANG_WARN_UNREACHABLE_CODE = YES;
				CLANG_WARN__DUPLICATE_METHOD_MATCH = YES;
				COPY_PHASE_STRIP = NO;
				DEBUG_INFORMATION_FORMAT = dwarf;
				ENABLE_STRICT_OBJC_MSGSEND = YES;
				ENABLE_TESTABILITY = YES;
				GCC_C_LANGUAGE_STANDARD = gnu11;
				GCC_DYNAMIC_NO_PIC = NO;
				GCC_NO_COMMON_BLOCKS = YES;
				GCC_OPTIMIZATION_LEVEL = 0;
				GCC_PREPROCESSOR_DEFINITIONS = (
					"DEBUG=1",
					"$(inherited)",
				);
				GCC_WARN_64_TO_32_BIT_CONVERSION = YES;
				GCC_WARN_ABOUT_RETURN_TYPE = YES_ERROR;
				GCC_WARN_UNDECLARED_SELECTOR = YES;
				GCC_WARN_UNINITIALIZED_AUTOS = YES_AGGRESSIVE;
				GCC_WARN_UNUSED_FUNCTION = YES;
				GCC_WARN_UNUSED_VARIABLE = YES;
				IPHONEOS_DEPLOYMENT_TARGET = 16.2;
				MTL_ENABLE_DEBUG_INFO = INCLUDE_SOURCE;
				MTL_FAST_MATH = YES;
				ONLY_ACTIVE_ARCH = YES;
				SDKROOT = iphoneos;
				SWIFT_ACTIVE_COMPILATION_CONDITIONS = DEBUG;
				SWIFT_OPTIMIZATION_LEVEL = "-Onone";
			};
			name = Debug;
		};
		8914FD1F29A88709008B0E6C /* Release */ = {
			isa = XCBuildConfiguration;
			buildSettings = {
				ALWAYS_SEARCH_USER_PATHS = NO;
				CLANG_ANALYZER_NONNULL = YES;
				CLANG_ANALYZER_NUMBER_OBJECT_CONVERSION = YES_AGGRESSIVE;
				CLANG_CXX_LANGUAGE_STANDARD = "gnu++20";
				CLANG_ENABLE_MODULES = YES;
				CLANG_ENABLE_OBJC_ARC = YES;
				CLANG_ENABLE_OBJC_WEAK = YES;
				CLANG_WARN_BLOCK_CAPTURE_AUTORELEASING = YES;
				CLANG_WARN_BOOL_CONVERSION = YES;
				CLANG_WARN_COMMA = YES;
				CLANG_WARN_CONSTANT_CONVERSION = YES;
				CLANG_WARN_DEPRECATED_OBJC_IMPLEMENTATIONS = YES;
				CLANG_WARN_DIRECT_OBJC_ISA_USAGE = YES_ERROR;
				CLANG_WARN_DOCUMENTATION_COMMENTS = YES;
				CLANG_WARN_EMPTY_BODY = YES;
				CLANG_WARN_ENUM_CONVERSION = YES;
				CLANG_WARN_INFINITE_RECURSION = YES;
				CLANG_WARN_INT_CONVERSION = YES;
				CLANG_WARN_NON_LITERAL_NULL_CONVERSION = YES;
				CLANG_WARN_OBJC_IMPLICIT_RETAIN_SELF = YES;
				CLANG_WARN_OBJC_LITERAL_CONVERSION = YES;
				CLANG_WARN_OBJC_ROOT_CLASS = YES_ERROR;
				CLANG_WARN_QUOTED_INCLUDE_IN_FRAMEWORK_HEADER = YES;
				CLANG_WARN_RANGE_LOOP_ANALYSIS = YES;
				CLANG_WARN_STRICT_PROTOTYPES = YES;
				CLANG_WARN_SUSPICIOUS_MOVE = YES;
				CLANG_WARN_UNGUARDED_AVAILABILITY = YES_AGGRESSIVE;
				CLANG_WARN_UNREACHABLE_CODE = YES;
				CLANG_WARN__DUPLICATE_METHOD_MATCH = YES;
				COPY_PHASE_STRIP = NO;
				DEBUG_INFORMATION_FORMAT = "dwarf-with-dsym";
				ENABLE_NS_ASSERTIONS = NO;
				ENABLE_STRICT_OBJC_MSGSEND = YES;
				GCC_C_LANGUAGE_STANDARD = gnu11;
				GCC_NO_COMMON_BLOCKS = YES;
				GCC_WARN_64_TO_32_BIT_CONVERSION = YES;
				GCC_WARN_ABOUT_RETURN_TYPE = YES_ERROR;
				GCC_WARN_UNDECLARED_SELECTOR = YES;
				GCC_WARN_UNINITIALIZED_AUTOS = YES_AGGRESSIVE;
				GCC_WARN_UNUSED_FUNCTION = YES;
				GCC_WARN_UNUSED_VARIABLE = YES;
				IPHONEOS_DEPLOYMENT_TARGET = 16.2;
				MTL_ENABLE_DEBUG_INFO = NO;
				MTL_FAST_MATH = YES;
				SDKROOT = iphoneos;
				SWIFT_COMPILATION_MODE = wholemodule;
				SWIFT_OPTIMIZATION_LEVEL = "-O";
				VALIDATE_PRODUCT = YES;
			};
			name = Release;
		};
		8914FD2129A88709008B0E6C /* Debug */ = {
			isa = XCBuildConfiguration;
			buildSettings = {
				ASSETCATALOG_COMPILER_APPICON_NAME = AppIcon;
				ASSETCATALOG_COMPILER_GLOBAL_ACCENT_COLOR_NAME = AccentColor;
				CODE_SIGN_STYLE = Automatic;
				CURRENT_PROJECT_VERSION = 1;
				DEVELOPMENT_TEAM = WZFUFHJN8D;
				GENERATE_INFOPLIST_FILE = YES;
				INFOPLIST_FILE = MessengerRe/Info.plist;
				INFOPLIST_KEY_UIApplicationSupportsIndirectInputEvents = YES;
				INFOPLIST_KEY_UILaunchStoryboardName = LaunchScreen;
				INFOPLIST_KEY_UIMainStoryboardFile = Main;
				INFOPLIST_KEY_UISupportedInterfaceOrientations = UIInterfaceOrientationPortrait;
				IPHONEOS_DEPLOYMENT_TARGET = 13.6;
				LD_RUNPATH_SEARCH_PATHS = (
					"$(inherited)",
					"@executable_path/Frameworks",
				);
				MARKETING_VERSION = 1.0;
				PRODUCT_BUNDLE_IDENTIFIER = com.Bohan.MessengerRe;
				PRODUCT_NAME = "$(TARGET_NAME)";
				SUPPORTED_PLATFORMS = "iphoneos iphonesimulator";
				SUPPORTS_MACCATALYST = NO;
				SUPPORTS_MAC_DESIGNED_FOR_IPHONE_IPAD = NO;
				SWIFT_EMIT_LOC_STRINGS = YES;
				SWIFT_VERSION = 5.0;
				TARGETED_DEVICE_FAMILY = "1,2";
			};
			name = Debug;
		};
		8914FD2229A88709008B0E6C /* Release */ = {
			isa = XCBuildConfiguration;
			buildSettings = {
				ASSETCATALOG_COMPILER_APPICON_NAME = AppIcon;
				ASSETCATALOG_COMPILER_GLOBAL_ACCENT_COLOR_NAME = AccentColor;
				CODE_SIGN_STYLE = Automatic;
				CURRENT_PROJECT_VERSION = 1;
				DEVELOPMENT_TEAM = WZFUFHJN8D;
				GENERATE_INFOPLIST_FILE = YES;
				INFOPLIST_FILE = MessengerRe/Info.plist;
				INFOPLIST_KEY_UIApplicationSupportsIndirectInputEvents = YES;
				INFOPLIST_KEY_UILaunchStoryboardName = LaunchScreen;
				INFOPLIST_KEY_UIMainStoryboardFile = Main;
				INFOPLIST_KEY_UISupportedInterfaceOrientations = UIInterfaceOrientationPortrait;
				IPHONEOS_DEPLOYMENT_TARGET = 13.6;
				LD_RUNPATH_SEARCH_PATHS = (
					"$(inherited)",
					"@executable_path/Frameworks",
				);
				MARKETING_VERSION = 1.0;
				PRODUCT_BUNDLE_IDENTIFIER = com.Bohan.MessengerRe;
				PRODUCT_NAME = "$(TARGET_NAME)";
				SUPPORTED_PLATFORMS = "iphoneos iphonesimulator";
				SUPPORTS_MACCATALYST = NO;
				SUPPORTS_MAC_DESIGNED_FOR_IPHONE_IPAD = NO;
				SWIFT_EMIT_LOC_STRINGS = YES;
				SWIFT_VERSION = 5.0;
				TARGETED_DEVICE_FAMILY = "1,2";
			};
			name = Release;
		};
/* End XCBuildConfiguration section */

/* Begin XCConfigurationList section */
		8914FD0729A88707008B0E6C /* Build configuration list for PBXProject "MessengerRe" */ = {
			isa = XCConfigurationList;
			buildConfigurations = (
				8914FD1E29A88709008B0E6C /* Debug */,
				8914FD1F29A88709008B0E6C /* Release */,
			);
			defaultConfigurationIsVisible = 0;
			defaultConfigurationName = Release;
		};
		8914FD2029A88709008B0E6C /* Build configuration list for PBXNativeTarget "MessengerRe" */ = {
			isa = XCConfigurationList;
			buildConfigurations = (
				8914FD2129A88709008B0E6C /* Debug */,
				8914FD2229A88709008B0E6C /* Release */,
			);
			defaultConfigurationIsVisible = 0;
			defaultConfigurationName = Release;
		};
/* End XCConfigurationList section */
	};
	rootObject = 8914FD0429A88707008B0E6C /* Project object */;
}
